{
  "version": "2",
  "remote": {
    "https://deno.land/std@0.182.0/fmt/colors.ts": "d67e3cd9f472535241a8e410d33423980bec45047e343577554d3356e1f0ef4e",
    "https://jspm.dev/jsdom": "08af441ce02f4dd5ab2317b61ea7f5f4b7c0f4d58747ca6d75bb14f68253d797",
    "https://jspm.dev/npm:@jspm/core@2.0.0/_/07069301.js": "3a09b0eec27e50d3349f3ffa4788ca3a207f239669cbedcb6b215941ccf0ad42",
    "https://jspm.dev/npm:@jspm/core@2.0.0/_/4cba86fe.js": "4f8fdc0a6765c64c0015fa1c91e2dad1b45e4f76eb6ff599a87f869d0403cca7",
    "https://jspm.dev/npm:@jspm/core@2.0.0/_/4f584a7b.js": "b01bc9eafd92f8e4a8d5c86f8e9ecb2f1f09361ba6c10e564878b95b197535db",
    "https://jspm.dev/npm:@jspm/core@2.0.0/_/55e2f796.js": "992f4fbdac912c51c581bc681614950a3e3f08e2e07232fbc31f8be1d68c8378",
    "https://jspm.dev/npm:@jspm/core@2.0.0/_/a7a1021b.js": "554a4666cabbcd60080c8a246cd9c6520722f8fb501f8f556110803534e9a86a",
    "https://jspm.dev/npm:@jspm/core@2.0.0/_/b25c587f.js": "ced499e570954ea8e211d905d6da2632edd45e5691fc8e6b995c0c1951586abe",
    "https://jspm.dev/npm:@jspm/core@2.0.0/_/fa4e226f.js": "06a6adfe3688487b57aa076d7e86e8415a9d28054a9a60510c73e9ce7a24a302",
    "https://jspm.dev/npm:@jspm/core@2.0.0/_/fa736d97.js": "83295f20ebea464e62acd06fcf65bcc1dae86e26d464f3af874276cbe8e98f7e",
    "https://jspm.dev/npm:@jspm/core@2.0.0/nodelibs/buffer": "f6bd0a893f7d7d48422389dc81a2923809fbd24c2d6352c7f4bdd29dcad7154b",
    "https://jspm.dev/npm:@jspm/core@2.0.0/nodelibs/crypto": "2053f22b44c5d2a54cc1c18d25d0d14f0c62ba4327a0c96acab8dcab4c160b47",
    "https://jspm.dev/npm:@jspm/core@2.0.1/_/0545670c.js": "468e254a0e5f7801333f217fcee046141186bd0a960018c893d73910bd754b71",
    "https://jspm.dev/npm:@jspm/core@2.0.1/_/3fe460d2.js": "991599d7a4ccc93f3dc0808aa706e713fd80a80fc8d21ec1fd28a96832030572",
    "https://jspm.dev/npm:@jspm/core@2.0.1/_/4a7b19f3.js": "0987e28a89045f13547cdfd42adfb114158c9e444544cbfa0737679e3d3863ce",
    "https://jspm.dev/npm:@jspm/core@2.0.1/_/57403c48.js": "3fa9c20fb03311a58a652563a4c935f6e7666113d2f725a6458893bfbac75e5f",
    "https://jspm.dev/npm:@jspm/core@2.0.1/_/633ae550.js": "65a4b416c1a22251ee020c55496de44a08ae247d4108898dfc0f4753df829fc5",
    "https://jspm.dev/npm:@jspm/core@2.0.1/_/8dc3f476.js": "55ff556fbd358ec01e78b1bc31d4d22baf1479046e42ea17f712b58ea96ba535",
    "https://jspm.dev/npm:@jspm/core@2.0.1/_/8ddf35de.js": "c05f3a1431f18571f87b59b7d3cda65c8983712c9b424b5574623975dcc68863",
    "https://jspm.dev/npm:@jspm/core@2.0.1/_/a17f45f2.js": "a36e172b43861a826c2258b8735525a1b13eb59c198ee808b016586d02dab38f",
    "https://jspm.dev/npm:@jspm/core@2.0.1/_/a421dfba.js": "ec016925d8e0ec5e5b56c0847212c1113edce320f5f6920d241ee00ee115d172",
    "https://jspm.dev/npm:@jspm/core@2.0.1/_/c5b352d6.js": "991006a876c2c17414e1884022c7c96a5cbe9a4fc9ec1abd717ac3d0ee7d4c55",
    "https://jspm.dev/npm:@jspm/core@2.0.1/_/cb95b980.js": "e20e42c770070c4326cb18192218b59e90a5378cdc57897f0c5f3b99ae054f07",
    "https://jspm.dev/npm:@jspm/core@2.0.1/_/e0803811.js": "1f6fe590fd0eeb59d9911633c388a4d97bea171f10ad260bc63b6702eb6d2e25",
    "https://jspm.dev/npm:@jspm/core@2.0.1/nodelibs/assert": "d10535eedc33c732428f71cd82f4a0caf0e74fec90d6bd7c3535a8ea4389a5ce",
    "https://jspm.dev/npm:@jspm/core@2.0.1/nodelibs/buffer": "f6bd0a893f7d7d48422389dc81a2923809fbd24c2d6352c7f4bdd29dcad7154b",
    "https://jspm.dev/npm:@jspm/core@2.0.1/nodelibs/child_process": "ad4ac7e2c2ea53d0b61c9ecd5029c18670960dd66cea8f838ba4208969775975",
    "https://jspm.dev/npm:@jspm/core@2.0.1/nodelibs/events": "e5cc37092fddd5ac75814ca2a779eda7977ef43b0b410d90c8f9323f89d80cb4",
    "https://jspm.dev/npm:@jspm/core@2.0.1/nodelibs/fs": "721ba251d28f561ab8b04b57938cba82b702b821bdf027b0f0c00bd7f94d3cdd",
    "https://jspm.dev/npm:@jspm/core@2.0.1/nodelibs/http": "3a6a6039e8b101294759b1e7c9acea0b75e2711e32b91246c3d1a2cf2d491755",
    "https://jspm.dev/npm:@jspm/core@2.0.1/nodelibs/https": "a1e659c95c3769dc3ab32b078c028adfab890545f1e4eb73f945b6119d648bcf",
    "https://jspm.dev/npm:@jspm/core@2.0.1/nodelibs/net": "2ea2d164b528306a24ac3c6cbbeb7aaf9a095aad07bee5edf2c1f1417d993c1f",
    "https://jspm.dev/npm:@jspm/core@2.0.1/nodelibs/os": "ec82f519bad244a8b3ddbc42e6902b172efd684d72a68c2d45bd7469a4b70f6a",
    "https://jspm.dev/npm:@jspm/core@2.0.1/nodelibs/path": "3eefa6fbe73189ade0710d6dc4c725be27f0496cb5371d59c0a16b84be17e0cb",
    "https://jspm.dev/npm:@jspm/core@2.0.1/nodelibs/perf_hooks": "382a924d467fc2ca88385e9da0df40279932a1c0e6ec5f43de4c3e54da226ee3",
    "https://jspm.dev/npm:@jspm/core@2.0.1/nodelibs/process": "1d9259731556e49ecd4ce8180667577a1bdc68844dc89a5a1e71d34cad4a455d",
    "https://jspm.dev/npm:@jspm/core@2.0.1/nodelibs/punycode": "de15b3b865f8196f62e2100731590c1d499cfffedef3d682861aff306b1f69dc",
    "https://jspm.dev/npm:@jspm/core@2.0.1/nodelibs/stream": "bbc5a30284349f7be148a0a9e81fbdf30d52abaf9b155554abce757bdffac50a",
    "https://jspm.dev/npm:@jspm/core@2.0.1/nodelibs/string_decoder": "697fb7f5f779b23349f8dfae415efa3ef3a235ef89afeaa3d08455c29e149c2f",
    "https://jspm.dev/npm:@jspm/core@2.0.1/nodelibs/tls": "869ff4dacad8ffab03f25f28568a616c87cbf42a88313cb4b8b6a624d156011c",
    "https://jspm.dev/npm:@jspm/core@2.0.1/nodelibs/url": "3d7ca846b3826a38b6b6596e04446f053bcadb71b818a28333e620afd119fef7",
    "https://jspm.dev/npm:@jspm/core@2.0.1/nodelibs/util": "f22fa23c828774618e6f8705ce6705f5a4e1d939efc98af445805d6d9a9e4a44",
    "https://jspm.dev/npm:@jspm/core@2.0.1/nodelibs/zlib": "44666b54bb2e6e376a45cb458735a785321cd44e3f3b4b1c6e12b122db4d0e66",
    "https://jspm.dev/npm:@jspm/core@2/nodelibs/assert": "cf62e57177a93e448e5c0e9d9ba4c45a74181d76f7e2d8e183ee8ce19e35273d",
    "https://jspm.dev/npm:@jspm/core@2/nodelibs/buffer": "65355ecb75cbfe48859e81eebf106a4fae919c37671981c82bb0885da780b4ea",
    "https://jspm.dev/npm:@jspm/core@2/nodelibs/child_process": "eca361b3d735f666bc43b6e119cc3331f402bc7b63a5221e6a45933ec69dba13",
    "https://jspm.dev/npm:@jspm/core@2/nodelibs/crypto": "770faff81f74bbb65a81886bccdd7ecf066add9e7d162ebf9fdf9a2de03e0837",
    "https://jspm.dev/npm:@jspm/core@2/nodelibs/events": "bfe1b4b57009633738066ed889019c197d2d1f4e3f867bcb69e9db9b48517c1f",
    "https://jspm.dev/npm:@jspm/core@2/nodelibs/fs": "9281dd30f0fbcfc282a5c235d54ed502166d109171380db7a609480e10e9627b",
    "https://jspm.dev/npm:@jspm/core@2/nodelibs/http": "00567cab39a03e98a0b8e8a691db2f9e8cc4158752fe16936a2ca3d1cf7d45eb",
    "https://jspm.dev/npm:@jspm/core@2/nodelibs/https": "ad57d7779dd0eedea2c8c10088467a096be0e6e4e36b944d205eabd6b35466c2",
    "https://jspm.dev/npm:@jspm/core@2/nodelibs/net": "b3765b7876f9adaecf5c9ac5c3b7343d4fc00ed72e69c83845f2152b59042a7b",
    "https://jspm.dev/npm:@jspm/core@2/nodelibs/os": "76283479c500c7a7a08db1f3153f9270a54a2ea3a9fd086c39a37df71c651a12",
    "https://jspm.dev/npm:@jspm/core@2/nodelibs/path": "5216638da3b96090d01ef829eeb4b271c3da699e8db06655ef6452315999bd76",
    "https://jspm.dev/npm:@jspm/core@2/nodelibs/perf_hooks": "17289e1db554e573da8052256a1063567a8aabd5b8a84f8f71228b85214da8bf",
    "https://jspm.dev/npm:@jspm/core@2/nodelibs/process": "2b4c3a7c167d15d326b5e420b8a9f9c6ab7e1fedcfd1910b9b5a25ed5bb43579",
    "https://jspm.dev/npm:@jspm/core@2/nodelibs/punycode": "0ef16b3299b3928a3b26b7152c99a2bfa6a024189c9c62b769a81b7c931b25e0",
    "https://jspm.dev/npm:@jspm/core@2/nodelibs/stream": "6f2493f1eb38cf746a9583c8eb5b72d69dbdc9adb9cd34e7d013e6561e94d37e",
    "https://jspm.dev/npm:@jspm/core@2/nodelibs/string_decoder": "ba0424760f9acc4e672217a88a0e4dbb2bfccdf106dbc3d9104e13f20aa1a7f9",
    "https://jspm.dev/npm:@jspm/core@2/nodelibs/tls": "2e2c1e33dd08de25c0cbed7021208ebe21582de07fbf968ccd91e811f0887653",
    "https://jspm.dev/npm:@jspm/core@2/nodelibs/url": "4f9b3efc61540c0883c3a60693d3fdd83557bc1b0532ec313c0515174492d480",
    "https://jspm.dev/npm:@jspm/core@2/nodelibs/util": "3e367156f97c2b6d19b6658a074a2554010e5e15a1b59fa239c58bff2ffb266e",
    "https://jspm.dev/npm:@jspm/core@2/nodelibs/zlib": "f3a66416a6267347b80251a088e3c694510522b0000004750b6c26a0228d5604",
    "https://jspm.dev/npm:@tootallnate/once@2!cjs": "8fac69f21db7bdac42c6c2b71a408571915e98b9616bd6ad6bf19c786013679d",
    "https://jspm.dev/npm:@tootallnate/once@2.0.0!cjs": "f58a2a3ea562babb20848e0eb2eb84fcee4d1f093ed7e264eba333b4428b094a",
    "https://jspm.dev/npm:abab@2!cjs": "204b6afff96d209f87f6b6444c8df250888d34d2ec8462ed32a32a789e224200",
    "https://jspm.dev/npm:abab@2.0.6!cjs": "b4a1bba67c80db7cd5f5acc6f8dc6e6fe21dfde7ef97b949355c00bc885abf5a",
    "https://jspm.dev/npm:abab@2.0.6/lib/atob!cjs": "751a75e396f5985000203fc6061d9a024682f9b6d195273d0cd20a2b49cf38d1",
    "https://jspm.dev/npm:abab@2.0.6/lib/btoa!cjs": "6e5ea0d1b3ef3925eb1e5a37585c9caee8c3c030b56a023f2aa499e4c99bee58",
    "https://jspm.dev/npm:acorn-globals@7!cjs": "f5f8499e8878994bb2e29dfd9977d693d3c3d1427af26b347a1261144dff326c",
    "https://jspm.dev/npm:acorn-globals@7.0.1!cjs": "36b68a47fca384fda1ca96b03a7dcce81bbcee68e52ba54a7211ed3a99848770",
    "https://jspm.dev/npm:acorn-walk@8!cjs": "c99ae4c7956ecd36c8657fde2e34be9d07645cf34b1c43ae8ad32321dc4eb0d9",
    "https://jspm.dev/npm:acorn-walk@8.2.0!cjs": "24d8536b747cb3dd5b86a94c22b68d5fbdf900cb34e06c46904c5eef246a318e",
    "https://jspm.dev/npm:acorn@8!cjs": "d57935153862d74e76dde7df22a7345f6d276c1b4032c33d53d5cdca84443eff",
    "https://jspm.dev/npm:acorn@8.8.2!cjs": "be22202b6d6e618fddccb28f63a4d02f60001dd91c0f0c9c1fe103004b2eb1fa",
    "https://jspm.dev/npm:agent-base@6!cjs": "569373613a15297c88ee33c05bfd5e35d6884d7b2164d6f3a7c1e1bcdb730c9e",
    "https://jspm.dev/npm:agent-base@6.0.2!cjs": "0032ddc94c1b02167943d579bfa56aa6626754c43070b1f63840f28235e50134",
    "https://jspm.dev/npm:cssstyle@3!cjs": "fc4dcb24b3799d41174992b0abb5196e96ddbe835c83e41917411a3868dd6526",
    "https://jspm.dev/npm:cssstyle@3.0.0!cjs": "1fb042d2d8b93d53275052845ac51d4784ada93a3a1aeaa88679e0e7202c49f9",
    "https://jspm.dev/npm:cssstyle@3.0.0/lib/allProperties!cjs": "edf11cce5c0d0e2ca5124c29943493a073e9d8d942daab7c27f8d17aaa5009a0",
    "https://jspm.dev/npm:cssstyle@3.0.0/lib/parsers!cjs": "4d26f609bc096d5bf51425e3e05b4282431ea76b77c46c41491847e06aaef1f3",
    "https://jspm.dev/npm:data-urls@4!cjs": "e1c73b6a50e50a0bf0cc58e574c250d7f332b9d1bdc224b74fb5ce95665628f2",
    "https://jspm.dev/npm:data-urls@4.0.0!cjs": "9844563efca6ce618c2f3dadcfe4fc28bad954b7f2fb585e8351a8ffc72026df",
    "https://jspm.dev/npm:debug@4!cjs": "f4600e987410243377bf03359bb8f97f976b487523a5e3e5f64dbfb87e231555",
    "https://jspm.dev/npm:debug@4.3.4/_/791803cd.js": "2c86f038772b00f15c6300745b3cc8f2a596b3e8ee5c65bc2431a424602ff289",
    "https://jspm.dev/npm:decimal.js@10!cjs": "7140c457bc28d45599b2773039d369947b91be9557127c0b721447705104b14e",
    "https://jspm.dev/npm:decimal.js@10.4.2!cjs": "c5a2c2456c4c9b743014b7b7f8c3e5830c7b50e28e3fd63a5bfbce0f9a1bd04f",
    "https://jspm.dev/npm:domexception@4.0.0/webidl2js-wrapper!cjs": "f86b8a8124f24156ea44b9c6a767c3e9f6974392ca8fc5bfa2084a53f5bd4dc6",
    "https://jspm.dev/npm:domexception@4/webidl2js-wrapper!cjs": "632169bcd2d7c6a7f8dc1b7ee29bf8ed40fed94412a818a70a824c006e0c6745",
    "https://jspm.dev/npm:entities@4.4.0/lib/decode.js!cjs": "62b37cf50d823f7cdb2d2ded36eea97b8080669add419147d08a0c3c40d9390c",
    "https://jspm.dev/npm:entities@4.4.0/lib/escape.js!cjs": "756f6d29cea4a620fe4871510c5591156a71f27ab9a61cf69e794d9f3a1d9619",
    "https://jspm.dev/npm:entities@4/lib/decode.js!cjs": "8819f6d8cea4ec5cbbfd0906cb988bdf54f0305dc7d8538b6ece65cadcded888",
    "https://jspm.dev/npm:entities@4/lib/escape.js!cjs": "f648fa8ec1c50289b8aa5bff4512904b23e9f9d65523753379bd4dc7494e8a6b",
    "https://jspm.dev/npm:escodegen@2!cjs": "eed41b96b8d7d44aee8bbb5bc7981b0291f5bee0458e315af40d91a4dc060e52",
    "https://jspm.dev/npm:escodegen@2.0.0!cjs": "44bf5f3f835ea5763549c8add59afa3677bb946f81eedde8a012cafdd396c3f0",
    "https://jspm.dev/npm:escodegen@2.0.0/package.json": "03b88f6e0f2c82c86af7b339985f01abe4be5ff209f0ab3892246c7702763866",
    "https://jspm.dev/npm:estraverse@5!cjs": "43283dfb4d9dbb42604094ef4e9f2c47e3553026edb1f8a585622be66ab96a94",
    "https://jspm.dev/npm:estraverse@5.3.0!cjs": "6a7740174dde2ddcd6026622a1fcde7abac5e990225aa7aeb955dcaa616b28d6",
    "https://jspm.dev/npm:esutils@2!cjs": "1c2e6f796e4d68099fc79d23c966471fee73c2b6b08e767b4969449b8fd48176",
    "https://jspm.dev/npm:esutils@2.0.3!cjs": "f3326c87250f8babe2ad4dc573b991b87fdc34fa22d18f9878a20175ffd133c4",
    "https://jspm.dev/npm:esutils@2.0.3/lib/ast.js!cjs": "149dc6c5ce5b77ff94e5fb67319a9f3bdaba3917721ae75606b7671940b5d703",
    "https://jspm.dev/npm:form-data@4!cjs": "a2c8bc49910dc70cc1f8b82d8135ff6d1e3f951c8edcbdb4aa52a96c97620b0d",
    "https://jspm.dev/npm:form-data@4.0.0!cjs": "b66f9ad8ffa656f878ec1ad705f54dfce6c436f507b7e2e035ccf767c3d5ed35",
    "https://jspm.dev/npm:html-encoding-sniffer@3!cjs": "1f480e479818151b82cfe80b09b91aeeafb0b21b9080056d48a903d1ab7bc33d",
    "https://jspm.dev/npm:html-encoding-sniffer@3.0.0!cjs": "1c56c21e7e6615208977687d39db5d72db3df6a66b6aa4d9c35be3186d549623",
    "https://jspm.dev/npm:http-proxy-agent@5!cjs": "80ab6fb500e134008175b12d2f0ee700be235cd8424c4c01a3679f0e2dcebc1a",
    "https://jspm.dev/npm:http-proxy-agent@5.0.0!cjs": "ae067c5d1ffff6e00985b682384a60737c7d7aadcbe428841b527274f7a0696e",
    "https://jspm.dev/npm:https-proxy-agent@5!cjs": "a65adf750939414ea229633032131f917a6a2fe9e7cbbb8aed88f53273f45acf",
    "https://jspm.dev/npm:https-proxy-agent@5.0.1!cjs": "a076f97cd3767029a93310597ab214764d34b3fe1b30b01b5d3cea571366e11f",
    "https://jspm.dev/npm:https-proxy-agent@5.0.1/dist/agent!cjs": "925938814516fb94b0dc5b4261e3625715e97b902c9d36fb0b91d08c813b4501",
    "https://jspm.dev/npm:iconv-lite@0.6.3!cjs": "9bea8bf2754c0aa38e9c801525d18062abf5bb5275fae8da4b7272aa13366c16",
    "https://jspm.dev/npm:iconv-lite@0.6.3/encodings!cjs": "b07bdf02ef6c9e0eed9824d4d1ec9b646b7450f1b9e1fa7156bdebdd18bb37f4",
    "https://jspm.dev/npm:iconv-lite@0.6.3/encodings/dbcs-codec!cjs": "87d41ee45c9afc57e2df3264993050fe6cd63b43a8ee64b2f10d4450e5479947",
    "https://jspm.dev/npm:iconv-lite@0.6.3/encodings/dbcs-data!cjs": "bbdb94bd591a9216e3286a8fe31212c74a81497a6e6966952f8f13d22109c5f1",
    "https://jspm.dev/npm:iconv-lite@0.6.3/encodings/internal!cjs": "10e5ed2ef10008537c305dfc589bb6b818bc9d775eefccd8374952c921f72032",
    "https://jspm.dev/npm:iconv-lite@0.6.3/encodings/sbcs-codec!cjs": "ea41811db9ab67a2ff88f5f227c992c2115fcad8c7e723d73c799e9a119d92e6",
    "https://jspm.dev/npm:iconv-lite@0.6.3/encodings/sbcs-data!cjs": "2e2c423a1035c40b10c7d900f73b673ef35c810d72a83a1bb7171ad107d1a660",
    "https://jspm.dev/npm:iconv-lite@0.6.3/encodings/sbcs-data-generated!cjs": "f55cd32bc23c78fee9b8e8e7e28a14468f88b2b97efe3d69c9ed32d9713e2cbb",
    "https://jspm.dev/npm:iconv-lite@0.6.3/encodings/utf16!cjs": "c2df8f4da6638143dc0b93a4fecdb51d2613107ba9452ff4d6d23f61698ce60a",
    "https://jspm.dev/npm:iconv-lite@0.6.3/encodings/utf7!cjs": "956c9772c26fcf126f70d9149fdcc43486fa165fb9ea74f631546a732f8b16ed",
    "https://jspm.dev/npm:iconv-lite@0.6.3/lib/bom-handling!cjs": "b17127d6f2330b300482e4b34d0b0f73a1aef7e98554e7c682ae141e8e0ab804",
    "https://jspm.dev/npm:iconv-lite@0.6.3/lib/streams!cjs": "d08130b96d80e9ff8d083ab4f2ea936f4a38b02026f2753e0b7aaa95d2158329",
    "https://jspm.dev/npm:is-potential-custom-element-name@1!cjs": "345ef3f88fee8dba89716b5063c917a07cddeb692939e48275cb5c4522c7f083",
    "https://jspm.dev/npm:is-potential-custom-element-name@1.0.1!cjs": "0f79275dbd241c9f13d1162ff0b727ab40e027082477377afba43abf463745fd",
    "https://jspm.dev/npm:jsdom@21.1.1!cjs": "3ea5b9e52af01cae3b907d62ad5cbb8bc2e5155e17d7674503317b0187eefce7",
    "https://jspm.dev/npm:jsdom@21.1.1/_/0a476c25.js": "4894a1e0c41ab058893999cd6d318aac233cba12b240019486b8672871696e3c",
    "https://jspm.dev/npm:jsdom@21.1.1/_/0ac52d81.js": "7ac1fa4717f51a10f97f537546bc87cc88cc65c38ff2d0c5bd17c9a3a69e9db1",
    "https://jspm.dev/npm:jsdom@21.1.1/_/0d53747c.js": "0c19300c2856f41e8fe5f469526f712335d7e607ccd3754ae51daf689f585185",
    "https://jspm.dev/npm:jsdom@21.1.1/_/1cba23a9.js": "8c5fb3bdee87ac60dc3fb805b50163f034028f5398cdc9e6fefcc5c3e9b5ed21",
    "https://jspm.dev/npm:jsdom@21.1.1/_/304501f8.js": "29ee48fbb1f1f4c080c4c0a0348a338232018e6ffbfaadd9329a256a5e17b4b1",
    "https://jspm.dev/npm:jsdom@21.1.1/_/376c26f5.js": "5428546d2c8e010f02f7b37c108a7d0d760e3fbb096b24d081ff6e4c0d660bf0",
    "https://jspm.dev/npm:jsdom@21.1.1/_/3fd30096.js": "0434af820fbce3e8007ecb7d518a2c3b88b3c4c2a688a4141ce6f42974472c5a",
    "https://jspm.dev/npm:jsdom@21.1.1/_/41212b84.js": "310d264c551b44b529de3420912c576dc4fba7a33d0d2451271a4cfa2f93b42d",
    "https://jspm.dev/npm:jsdom@21.1.1/_/43032b9c.js": "bd8acf3c03e91ab36cad88ba85caab9fff5b817bdaaae274d5c17aa8b3e90a0b",
    "https://jspm.dev/npm:jsdom@21.1.1/_/43eba8df.js": "943658f78846f5ec8132869e697fc4dc160379845ca52422ac834073de152fd0",
    "https://jspm.dev/npm:jsdom@21.1.1/_/5dee49fa.js": "99db348e61c54b33b223316a139c7bd3fc64a9e213456ab9cce4b9db8a8484d3",
    "https://jspm.dev/npm:jsdom@21.1.1/_/73fcfd57.js": "b823645b444d1e494643408bdf3b35226c865b3c967fe5c5ec14f811969f3837",
    "https://jspm.dev/npm:jsdom@21.1.1/_/747355ac.js": "0a526ae121ea49fa92389c955a483aeebd5c7bd54304ec9394d602aad0fa178e",
    "https://jspm.dev/npm:jsdom@21.1.1/_/7c44255b.js": "39e1de11f5a7caf181ec3581773a1da06d2ca68686d69656e06b59a8236b3234",
    "https://jspm.dev/npm:jsdom@21.1.1/_/859a2fc6.js": "184af471fe2b4084e8543aadfb0206832ebeb60561f643d2c97bc7b2107c1e1c",
    "https://jspm.dev/npm:jsdom@21.1.1/_/864bac2c.js": "f38311c45940fab8f48afc1e9cb01fdaed3fdb4c04f27d956d4595e8875f1e6d",
    "https://jspm.dev/npm:jsdom@21.1.1/_/8c07b3ea.js": "5414de45811a6b747bb38bd3c34964267814b1e6377455b3d836d10cd6dd8996",
    "https://jspm.dev/npm:jsdom@21.1.1/_/92852224.js": "0c9716b2e6f1981e083e835664f33c28590e07cbc95a7ca520fe46445e2c51c8",
    "https://jspm.dev/npm:jsdom@21.1.1/_/996239e4.js": "dde9f50f268aa0b580817c0d4ec9c5b61961d9be28c1bd3e978389a3e692c6b4",
    "https://jspm.dev/npm:jsdom@21.1.1/_/9cef9e10.js": "2406d9137bac982f4bdb99e9464043f648ea3107f9f7057a2e932c585ef4812c",
    "https://jspm.dev/npm:jsdom@21.1.1/_/a21cd462.js": "92f4e8fd04c833de5a2fcf29f1ffd26d54e3294fa13ae189ced2541012059473",
    "https://jspm.dev/npm:jsdom@21.1.1/_/a8f47145.js": "30c4f450daea42c4a8e306ddc2ac138464b90ba485c60fa70e3d72b4e687e90e",
    "https://jspm.dev/npm:jsdom@21.1.1/_/ad672cbf.js": "9740b6de0184b4e50d9893b713a40612e838f531a8151533e3bac3e3933e18be",
    "https://jspm.dev/npm:jsdom@21.1.1/_/ba9f1bfe.js": "963da9633eea39eb65570e1b2f2be5594e55a82e4a3a89d1f12ea544baa82693",
    "https://jspm.dev/npm:jsdom@21.1.1/_/c6c070bd.js": "5844312853944d8470d4e857eeb8a44a1d5461af78737348b21756401faeea91",
    "https://jspm.dev/npm:jsdom@21.1.1/_/d6741a93.js": "facd590cc0aabd8447050ee7b4fdfdea96f369059be25b29b804025e4ba77897",
    "https://jspm.dev/npm:jsdom@21.1.1/_/e82f8922.js": "27f1ab53fab9ae3e58d4e89ea712bb16a0791b75ff680d248f7095eecf4703be",
    "https://jspm.dev/npm:jsdom@21.1.1/_/ea77420c.js": "fe2f8d805e6dbbbed0e521f21286954104448c4164b6172619b333effb44c936",
    "https://jspm.dev/npm:jsdom@21.1.1/_/f257ea58.js": "72bf8657a0c5146953393fc0f44d8cde62227959cb4ac28233f0e37c80852394",
    "https://jspm.dev/npm:jsdom@21.1.1/_/f5035dd7.js": "97f17d2245b406a59f7616ed6587d30563c7cf8ab4fc8b94429549ed0b6c8643",
    "https://jspm.dev/npm:jsdom@21.1.1/_/fb9f8cc8.js": "7e8053a81b155eda4f8051e4fe402c62144c4304d66f2ecd073a067013e8873b",
    "https://jspm.dev/npm:jsdom@21.1.1/_/fcba894e.js": "744987e85e9134ac7690ba1d736e558e00d74837549109603118c0ebf0f3860f",
    "https://jspm.dev/npm:jsdom@21.1.1/_/fd635eb9.js": "f835bc4752a5b4264f23cde3e3dd6d47655f5c8ae0d3986f276dac50d266f03d",
    "https://jspm.dev/npm:jsdom@21.1.1/lib/jsdom/browser/js-globals.json!cjs": "6170af402412888cde8a368a6ecc0eebd3f89e07dcc0e3f651cbe14059f01c4c",
    "https://jspm.dev/npm:jsdom@21.1.1/package.json!cjs": "9ed190c636e41439303476426a41e11345a3e816f96c4dda1c275e64cf6166d9",
    "https://jspm.dev/npm:ms@2.1.2!cjs": "85bdadeb4f78a97ff8fb1a86c20f2b23a9b62613c67b52183b546be04e5f7836",
    "https://jspm.dev/npm:nwsapi@2!cjs": "0d482819cf84c7f2d71faf374a753d5341090171a2675befd20056bd4961d53a",
    "https://jspm.dev/npm:nwsapi@2.2.1!cjs": "0339232d39b4592c7b10eb69cbe28cfa514c017788cc97fc8fb572e15700528e",
    "https://jspm.dev/npm:parse5@7!cjs": "268b297024be5a6b4a8c2f1d4524806dba1a9322fa79c7680d08315a8e471ed0",
    "https://jspm.dev/npm:parse5@7.1.1!cjs": "ce7e84dab34931f676c73bcec4747268c74904fb65647df778df9db851ecfb1c",
    "https://jspm.dev/npm:psl@1!cjs": "72e36e8975efd9e0a9cbc9fba5d109432c16d7f7628553a5380b1aa03315bc29",
    "https://jspm.dev/npm:psl@1.9.0!cjs": "0cb017e14042df28b3db16100250c72883e3b40222bfc3fa5b69e54b3bf96045",
    "https://jspm.dev/npm:punycode@2!cjs": "7484d6520420a8e8097c22424ef790582c94e27d5a13c512886f96d87cdaf0a7",
    "https://jspm.dev/npm:punycode@2.3.0": "7912691a2ae28022df687af67fae7fca9791c5ac527ef0bcc2976198f530aea0",
    "https://jspm.dev/npm:querystringify@2!cjs": "c3d1d033ac28f19b816ddf9f7b60baca054653138d02f85a5d41865aa7e3320b",
    "https://jspm.dev/npm:querystringify@2.2.0!cjs": "7f37f5982a6496a7dbd5d7dfea94be8afa9f22cd707df80b65b3117454bbf265",
    "https://jspm.dev/npm:requires-port@1!cjs": "4888d6c9e0098292bdd417feca8a7be1fea3a742505101719bbffdd832038c74",
    "https://jspm.dev/npm:requires-port@1.0.0!cjs": "6619c2b54ea53f0f5477bf182ce08572869b12ba937c281d860b3badf74bb66a",
    "https://jspm.dev/npm:rrweb-cssom@0.6!cjs": "1c988fe158489970bca309b45a77c6ad71b98adc0359050f2810c54ffcb747a8",
    "https://jspm.dev/npm:rrweb-cssom@0.6.0!cjs": "2cf4d93495b536f27957d177ddafb8cadaa0f3a6f20f4b59d23f9a76e08b66b5",
    "https://jspm.dev/npm:safer-buffer@2!cjs": "94c51de14e4b39f5d17568dfba807ae1a1f50686c7bc0a03f96ab97e24061c52",
    "https://jspm.dev/npm:safer-buffer@2.1.2!cjs": "47d9ea315ad8a7e5108e2163804d983f9390475dda59960ca52d5b0265ba63ad",
    "https://jspm.dev/npm:saxes@6!cjs": "6e2f566e24e4f1c3baf1d71b2cc985e352c6e6b5ef1adf114f237fa241bd9e6a",
    "https://jspm.dev/npm:saxes@6.0.0!cjs": "ebd5abb283d348a7c2b588c1a1596f5af12b6fd5cdc2d8bdc1c815404be89921",
    "https://jspm.dev/npm:source-map@0.6!cjs": "98204842c2889a2728857d34114c603627cf01a601269d0aeb82d19af66d1282",
    "https://jspm.dev/npm:source-map@0.6.1!cjs": "d1d2e76a70ee5b91b70626a8c4ae24bed218f7282c4e306fc98db210093fee49",
    "https://jspm.dev/npm:source-map@0.6.1/_/b1dbe139.js": "aad45c56f326044267c6d37e24aa452e2c37426d76cc545e07ffe8c340013b7c",
    "https://jspm.dev/npm:source-map@0.6.1/lib/source-map-consumer!cjs": "3fc73a10b598c0bd0d29d176488755a8c1f6d3325afcb5f751a0cc7cbfac0f61",
    "https://jspm.dev/npm:source-map@0.6.1/lib/source-map-generator!cjs": "dc7a5810cdbfdad9fe573906ed113610940ae91ba7e575b98ae14494cff15117",
    "https://jspm.dev/npm:source-map@0.6.1/lib/util!cjs": "e101e0e50d54f2c5ec3393035ebd39cc1b5a77abf3323220f0954f1b0e60b462",
    "https://jspm.dev/npm:symbol-tree@3!cjs": "924eff4c9c929e1197d8b984241f0e0e695ae1575dc8f623b9baf97760c7bb86",
    "https://jspm.dev/npm:symbol-tree@3.2.4!cjs": "4d49326d14824ed496fc592093e0c3af61d1c79a762901b2e39091f706abe565",
    "https://jspm.dev/npm:tough-cookie@4!cjs": "30f51287e556ce4a30713e86b8acecdd60b61e01e196b5d84a38252be3cdcf4b",
    "https://jspm.dev/npm:tough-cookie@4.1.2!cjs": "d6b058144e1c3ab681794da8df9ff6116170dc07386e0aa4af7b6f105718349a",
    "https://jspm.dev/npm:tough-cookie@4.1.2/_/a9b1d9f8.js": "7b8bc9c97a4f8316f5c45da0790767664087ec4d63536293ef1a0b60687b2742",
    "https://jspm.dev/npm:tr46@3!cjs": "765cb617fd3c065e69348287358ff63ee69580d314dae886b3ad9b1e0b39fc90",
    "https://jspm.dev/npm:tr46@3.0.0!cjs": "3d34e7efd068e5ceab8d71fcd0ad5b2113b0fc2db124ec2d31f278ed0279db8b",
    "https://jspm.dev/npm:universalify@0.2!cjs": "f0dc6cab5699d2937661cc5da04824d909e8b5688aa6aafb7c80ba6dec7d1103",
    "https://jspm.dev/npm:universalify@0.2.0!cjs": "d2d070cdf42e094ce046f1d151ed47d028f2e75699821795b1d0ab749a3cd5f4",
    "https://jspm.dev/npm:url-parse@1!cjs": "ed9fc0572751ff6e78aecafc721532fc9381bf09fe43bbb14633f26bedab4d10",
    "https://jspm.dev/npm:url-parse@1.5.10!cjs": "615c89b9d27d5e8aa22ba75ef323eecdbfd0f0c4478f08ea76f12d8ce3fcd59e",
    "https://jspm.dev/npm:w3c-xmlserializer@4!cjs": "3e188d41df1df227cbf904d88f342964ad6a566723e5c221dcd3be497af48c98",
    "https://jspm.dev/npm:w3c-xmlserializer@4.0.0!cjs": "1d1e1a3c4525a062220299a477509c862081f3f5fcddc468b78841bf27c8bce2",
    "https://jspm.dev/npm:webidl-conversions@7!cjs": "3d9a4e32fb380085a40404c43fed6d3509fff87ce7baab96e5c78a94c237d51d",
    "https://jspm.dev/npm:webidl-conversions@7.0.0!cjs": "5675cf81633e0caaebbc2c487516f7af1bc96706041fbdbb4673e5c513e5b2ab",
    "https://jspm.dev/npm:whatwg-encoding@2!cjs": "833657641e7954878e9e91b0e0ec4d5d1002b2253e413deef46f8b7d159641fe",
    "https://jspm.dev/npm:whatwg-encoding@2.0.0!cjs": "3b016f1be4d9d629c6c3342988a935dc19bf2274c32eb7a8dae39e8dd108d1b0",
    "https://jspm.dev/npm:whatwg-mimetype@3!cjs": "54cb4d7da1ca608f3d884c54247e15ac70842e409e47de30c08fd3bcad63a3ba",
    "https://jspm.dev/npm:whatwg-mimetype@3.0.0!cjs": "bab685978eeeb7257a3fdef1035929a8a9bcb119200e76f2e7438789ccada8d4",
    "https://jspm.dev/npm:whatwg-url@12!cjs": "89a22f082cf8e4d7a2ec0ea2d2ae74d28f39d4364fd79cfd99bda6135a25102c",
    "https://jspm.dev/npm:whatwg-url@12.0.0!cjs": "6337fdd30c52889e9a9995eebca0955c46b509a0427be81245a465e13f98cde3",
    "https://jspm.dev/npm:whatwg-url@12.0.0/_/167cd2cb.js": "50df8395c2779b9dddf818b1d55c58dcccf06bab57405b086452adb66dfddb75",
    "https://jspm.dev/npm:whatwg-url@12.0.0/_/bfddb0dc.js": "34a3177dc6fa0673abd885a7af217584f80c2ecf202d49745664478ed5af4364",
    "https://jspm.dev/npm:whatwg-url@12.0.0/lib/URL!cjs": "76600867f746e1dbad53a242f30c08ad3924da3efc27f3e61228ac65f83c7d5e",
    "https://jspm.dev/npm:whatwg-url@12.0.0/lib/URL-impl!cjs": "23cca9712b0abc061453d95f3f09de584c12cc02dfae68be2c2b18eee04c7318",
    "https://jspm.dev/npm:whatwg-url@12.0.0/lib/URLSearchParams-impl!cjs": "ba8c76ff804f1c9107810d29fce7cf8c82fc69886b3fa8bc270fc9f0ebcff970",
    "https://jspm.dev/npm:whatwg-url@12.0.0/lib/infra!cjs": "d5759f78f26d830fbae06a5df287eb69cd33af5d0027167392057e2ca5d96891",
    "https://jspm.dev/npm:whatwg-url@12.0.0/lib/url-state-machine!cjs": "da83adbf8c97ff1bf6b213bb0025f6efac17c8b71456d4c0d999a6d3fa14bbb3",
    "https://jspm.dev/npm:whatwg-url@12.0.0/lib/urlencoded!cjs": "a428d5eed42224a7ea53e5ddee4ba6ba335195a7ab311ce52f6812d3994bce25",
    "https://jspm.dev/npm:whatwg-url@12.0.0/webidl2js-wrapper!cjs": "4927bc3422afd08c90e89166a4bbf0325c4532c7a69292d54d1e755209cb87d1",
    "https://jspm.dev/npm:whatwg-url@12/webidl2js-wrapper!cjs": "ad397016f3e1090fd48da15fcc506ac4a5ae8c7ac1c1a1ee4b7cad5603c2f78c",
    "https://jspm.dev/npm:xml-name-validator@4!cjs": "408c0b9f024c153b09d98e12bd6fe6dd5e2f93acee97fcde470c9d3ebe9b6154",
    "https://jspm.dev/npm:xml-name-validator@4.0.0!cjs": "a886fc636368aeeb449ef8002e654075ea37d39db34418c4e6fbbf61704e47b7",
    "https://jspm.dev/npm:xmlchars@2.2.0/xml/1.0/ed5!cjs": "2939e1d0b2b861b01043c9f2ca2dcc9a25642a35253857f992753ffea72fb1cc",
    "https://jspm.dev/npm:xmlchars@2.2.0/xml/1.1/ed2!cjs": "9781282c10f12f5e268c94d978353e7742b1de38cda6349599999995d582321f",
    "https://jspm.dev/npm:xmlchars@2.2.0/xmlns/1.0/ed3!cjs": "57d94eaf1d473802daa41c7eceb115da506cf4dd36e49305e86c7d7c6d6ab5fa",
    "https://jspm.dev/npm:xmlchars@2/xml/1.0/ed5!cjs": "3e9d045119540d5dfbf68f15a56708eef08be6b14eb61106e6c9f124a185ac41",
    "https://jspm.dev/npm:xmlchars@2/xml/1.1/ed2!cjs": "c25e5497b22b52a2b758aa8278619a9b45e85b683cf1db16e05313ed7996742c",
    "https://jspm.dev/npm:xmlchars@2/xmlns/1.0/ed3!cjs": "147804f6532d8a3a314c661775973620158bddc1c92fd99374760942a196c21c"
  }
}
